// !$*UTF8*$!
{
	archiveVersion = 1;
	classes = {
	};
	objectVersion = 56;
	objects = {

/* Begin PBXBuildFile section */
		4506F48D2A08317600153E73 /* SkeletonLoadable.swift in Sources */ = {isa = PBXBuildFile; fileRef = 4506F48C2A08317600153E73 /* SkeletonLoadable.swift */; };
		4506F48F2A08324B00153E73 /* SkeletonCell.swift in Sources */ = {isa = PBXBuildFile; fileRef = 4506F48E2A08324B00153E73 /* SkeletonCell.swift */; };
		456F47762A0657E300E13A26 /* NSNotificationName.swift in Sources */ = {isa = PBXBuildFile; fileRef = 456F47752A0657E300E13A26 /* NSNotificationName.swift */; };
		456F477A2A065B9A00E13A26 /* UITextFieldSecureToggle.swift in Sources */ = {isa = PBXBuildFile; fileRef = 456F47792A065B9A00E13A26 /* UITextFieldSecureToggle.swift */; };
		456F477E2A070C8C00E13A26 /* ShakeyBell.swift in Sources */ = {isa = PBXBuildFile; fileRef = 456F477D2A070C8C00E13A26 /* ShakeyBell.swift */; };
		456F47822A073CFE00E13A26 /* Date.swift in Sources */ = {isa = PBXBuildFile; fileRef = 456F47812A073CFE00E13A26 /* Date.swift */; };
		456F47842A079C4B00E13A26 /* AccountSummaryViewController+Networking.swift in Sources */ = {isa = PBXBuildFile; fileRef = 456F47832A079C4B00E13A26 /* AccountSummaryViewController+Networking.swift */; };
		456F47882A07A8B300E13A26 /* ProfileTests.swift in Sources */ = {isa = PBXBuildFile; fileRef = 456F47872A07A8B300E13A26 /* ProfileTests.swift */; };
		45B5835629FCB2B50070AA3B /* AppDelegate.swift in Sources */ = {isa = PBXBuildFile; fileRef = 45B5835529FCB2B50070AA3B /* AppDelegate.swift */; };
		45B5835A29FCB2B50070AA3B /* LoginViewController.swift in Sources */ = {isa = PBXBuildFile; fileRef = 45B5835929FCB2B50070AA3B /* LoginViewController.swift */; };
		45B5835F29FCB2B60070AA3B /* Assets.xcassets in Resources */ = {isa = PBXBuildFile; fileRef = 45B5835E29FCB2B60070AA3B /* Assets.xcassets */; };
		45B5836229FCB2B60070AA3B /* LaunchScreen.storyboard in Resources */ = {isa = PBXBuildFile; fileRef = 45B5836029FCB2B60070AA3B /* LaunchScreen.storyboard */; };
		45B5836C29FE12160070AA3B /* LoginView.swift in Sources */ = {isa = PBXBuildFile; fileRef = 45B5836B29FE12160070AA3B /* LoginView.swift */; };
		45B5836F29FE6A630070AA3B /* OnboardingContainerViewController.swift in Sources */ = {isa = PBXBuildFile; fileRef = 45B5836E29FE6A630070AA3B /* OnboardingContainerViewController.swift */; };
		45B5837129FEEEBE0070AA3B /* OnboardingViewController.swift in Sources */ = {isa = PBXBuildFile; fileRef = 45B5837029FEEEBE0070AA3B /* OnboardingViewController.swift */; };
		45B583732A0034CD0070AA3B /* DummyViewController.swift in Sources */ = {isa = PBXBuildFile; fileRef = 45B583722A0034CD0070AA3B /* DummyViewController.swift */; };
		45B583762A00462A0070AA3B /* LocalState.swift in Sources */ = {isa = PBXBuildFile; fileRef = 45B583752A00462A0070AA3B /* LocalState.swift */; };
		45B583782A01952F0070AA3B /* UIViewControllerUtils.swift in Sources */ = {isa = PBXBuildFile; fileRef = 45B583772A01952F0070AA3B /* UIViewControllerUtils.swift */; };
		45B5837A2A0197A20070AA3B /* MainViewController.swift in Sources */ = {isa = PBXBuildFile; fileRef = 45B583792A0197A20070AA3B /* MainViewController.swift */; };
		45B5837D2A02E6980070AA3B /* AccountSummaryViewController.swift in Sources */ = {isa = PBXBuildFile; fileRef = 45B5837C2A02E6980070AA3B /* AccountSummaryViewController.swift */; };
		45B5837F2A02EAE70070AA3B /* AccountSummaryHeaderView.swift in Sources */ = {isa = PBXBuildFile; fileRef = 45B5837E2A02EAE70070AA3B /* AccountSummaryHeaderView.swift */; };
		45B583812A02EB0A0070AA3B /* AccountSummaryHeaderView.xib in Resources */ = {isa = PBXBuildFile; fileRef = 45B583802A02EB0A0070AA3B /* AccountSummaryHeaderView.xib */; };
		45B583852A044FDF0070AA3B /* AccountSummaryCell.swift in Sources */ = {isa = PBXBuildFile; fileRef = 45B583842A044FDF0070AA3B /* AccountSummaryCell.swift */; };
		45B583872A0600F80070AA3B /* DecimalUtils.swift in Sources */ = {isa = PBXBuildFile; fileRef = 45B583862A0600F80070AA3B /* DecimalUtils.swift */; };
		45B583892A0601590070AA3B /* CurrencyFormatter.swift in Sources */ = {isa = PBXBuildFile; fileRef = 45B583882A0601590070AA3B /* CurrencyFormatter.swift */; };
		45B583982A0615460070AA3B /* CurrencyFormatterTests.swift in Sources */ = {isa = PBXBuildFile; fileRef = 45B583972A0615460070AA3B /* CurrencyFormatterTests.swift */; };
/* End PBXBuildFile section */

/* Begin PBXContainerItemProxy section */
		45B583922A0614A40070AA3B /* PBXContainerItemProxy */ = {
			isa = PBXContainerItemProxy;
			containerPortal = 45B5834A29FCB2B50070AA3B /* Project object */;
			proxyType = 1;
			remoteGlobalIDString = 45B5835129FCB2B50070AA3B;
			remoteInfo = Bankey;
		};
/* End PBXContainerItemProxy section */

/* Begin PBXFileReference section */
		4506F48C2A08317600153E73 /* SkeletonLoadable.swift */ = {isa = PBXFileReference; lastKnownFileType = sourcecode.swift; path = SkeletonLoadable.swift; sourceTree = "<group>"; };
		4506F48E2A08324B00153E73 /* SkeletonCell.swift */ = {isa = PBXFileReference; lastKnownFileType = sourcecode.swift; path = SkeletonCell.swift; sourceTree = "<group>"; };
		456F47752A0657E300E13A26 /* NSNotificationName.swift */ = {isa = PBXFileReference; lastKnownFileType = sourcecode.swift; path = NSNotificationName.swift; sourceTree = "<group>"; };
		456F47792A065B9A00E13A26 /* UITextFieldSecureToggle.swift */ = {isa = PBXFileReference; lastKnownFileType = sourcecode.swift; path = UITextFieldSecureToggle.swift; sourceTree = "<group>"; };
		456F477D2A070C8C00E13A26 /* ShakeyBell.swift */ = {isa = PBXFileReference; lastKnownFileType = sourcecode.swift; path = ShakeyBell.swift; sourceTree = "<group>"; };
		456F47812A073CFE00E13A26 /* Date.swift */ = {isa = PBXFileReference; lastKnownFileType = sourcecode.swift; path = Date.swift; sourceTree = "<group>"; };
		456F47832A079C4B00E13A26 /* AccountSummaryViewController+Networking.swift */ = {isa = PBXFileReference; lastKnownFileType = sourcecode.swift; path = "AccountSummaryViewController+Networking.swift"; sourceTree = "<group>"; };
		456F47872A07A8B300E13A26 /* ProfileTests.swift */ = {isa = PBXFileReference; lastKnownFileType = sourcecode.swift; path = ProfileTests.swift; sourceTree = "<group>"; };
		45B5835229FCB2B50070AA3B /* Bankey.app */ = {isa = PBXFileReference; explicitFileType = wrapper.application; includeInIndex = 0; path = Bankey.app; sourceTree = BUILT_PRODUCTS_DIR; };
		45B5835529FCB2B50070AA3B /* AppDelegate.swift */ = {isa = PBXFileReference; lastKnownFileType = sourcecode.swift; path = AppDelegate.swift; sourceTree = "<group>"; };
		45B5835929FCB2B50070AA3B /* LoginViewController.swift */ = {isa = PBXFileReference; lastKnownFileType = sourcecode.swift; path = LoginViewController.swift; sourceTree = "<group>"; };
		45B5835E29FCB2B60070AA3B /* Assets.xcassets */ = {isa = PBXFileReference; lastKnownFileType = folder.assetcatalog; path = Assets.xcassets; sourceTree = "<group>"; };
		45B5836129FCB2B60070AA3B /* Base */ = {isa = PBXFileReference; lastKnownFileType = file.storyboard; name = Base; path = Base.lproj/LaunchScreen.storyboard; sourceTree = "<group>"; };
		45B5836329FCB2B60070AA3B /* Info.plist */ = {isa = PBXFileReference; lastKnownFileType = text.plist.xml; path = Info.plist; sourceTree = "<group>"; };
		45B5836B29FE12160070AA3B /* LoginView.swift */ = {isa = PBXFileReference; lastKnownFileType = sourcecode.swift; path = LoginView.swift; sourceTree = "<group>"; };
		45B5836E29FE6A630070AA3B /* OnboardingContainerViewController.swift */ = {isa = PBXFileReference; lastKnownFileType = sourcecode.swift; path = OnboardingContainerViewController.swift; sourceTree = "<group>"; };
		45B5837029FEEEBE0070AA3B /* OnboardingViewController.swift */ = {isa = PBXFileReference; lastKnownFileType = sourcecode.swift; path = OnboardingViewController.swift; sourceTree = "<group>"; };
		45B583722A0034CD0070AA3B /* DummyViewController.swift */ = {isa = PBXFileReference; lastKnownFileType = sourcecode.swift; path = DummyViewController.swift; sourceTree = "<group>"; };
		45B583752A00462A0070AA3B /* LocalState.swift */ = {isa = PBXFileReference; lastKnownFileType = sourcecode.swift; path = LocalState.swift; sourceTree = "<group>"; };
		45B583772A01952F0070AA3B /* UIViewControllerUtils.swift */ = {isa = PBXFileReference; lastKnownFileType = sourcecode.swift; path = UIViewControllerUtils.swift; sourceTree = "<group>"; };
		45B583792A0197A20070AA3B /* MainViewController.swift */ = {isa = PBXFileReference; lastKnownFileType = sourcecode.swift; path = MainViewController.swift; sourceTree = "<group>"; };
		45B5837C2A02E6980070AA3B /* AccountSummaryViewController.swift */ = {isa = PBXFileReference; lastKnownFileType = sourcecode.swift; path = AccountSummaryViewController.swift; sourceTree = "<group>"; };
		45B5837E2A02EAE70070AA3B /* AccountSummaryHeaderView.swift */ = {isa = PBXFileReference; lastKnownFileType = sourcecode.swift; path = AccountSummaryHeaderView.swift; sourceTree = "<group>"; };
		45B583802A02EB0A0070AA3B /* AccountSummaryHeaderView.xib */ = {isa = PBXFileReference; lastKnownFileType = file.xib; path = AccountSummaryHeaderView.xib; sourceTree = "<group>"; };
		45B583842A044FDF0070AA3B /* AccountSummaryCell.swift */ = {isa = PBXFileReference; lastKnownFileType = sourcecode.swift; path = AccountSummaryCell.swift; sourceTree = "<group>"; };
		45B583862A0600F80070AA3B /* DecimalUtils.swift */ = {isa = PBXFileReference; lastKnownFileType = sourcecode.swift; path = DecimalUtils.swift; sourceTree = "<group>"; };
		45B583882A0601590070AA3B /* CurrencyFormatter.swift */ = {isa = PBXFileReference; lastKnownFileType = sourcecode.swift; path = CurrencyFormatter.swift; sourceTree = "<group>"; };
		45B5838E2A0614A40070AA3B /* BankeyUnitTests.xctest */ = {isa = PBXFileReference; explicitFileType = wrapper.cfbundle; includeInIndex = 0; path = BankeyUnitTests.xctest; sourceTree = BUILT_PRODUCTS_DIR; };
		45B583972A0615460070AA3B /* CurrencyFormatterTests.swift */ = {isa = PBXFileReference; lastKnownFileType = sourcecode.swift; path = CurrencyFormatterTests.swift; sourceTree = "<group>"; };
/* End PBXFileReference section */

/* Begin PBXFrameworksBuildPhase section */
		45B5834F29FCB2B50070AA3B /* Frameworks */ = {
			isa = PBXFrameworksBuildPhase;
			buildActionMask = 2147483647;
			files = (
			);
			runOnlyForDeploymentPostprocessing = 0;
		};
		45B5838B2A0614A40070AA3B /* Frameworks */ = {
			isa = PBXFrameworksBuildPhase;
			buildActionMask = 2147483647;
			files = (
			);
			runOnlyForDeploymentPostprocessing = 0;
		};
/* End PBXFrameworksBuildPhase section */

/* Begin PBXGroup section */
		456F477C2A070B9500E13A26 /* Components */ = {
			isa = PBXGroup;
			children = (
				456F477D2A070C8C00E13A26 /* ShakeyBell.swift */,
			);
			path = Components;
			sourceTree = "<group>";
		};
		456F47852A07A88B00E13A26 /* Utils */ = {
			isa = PBXGroup;
			children = (
				45B583972A0615460070AA3B /* CurrencyFormatterTests.swift */,
			);
			path = Utils;
			sourceTree = "<group>";
		};
		456F47862A07A89A00E13A26 /* AccountSummary */ = {
			isa = PBXGroup;
			children = (
				456F47872A07A8B300E13A26 /* ProfileTests.swift */,
			);
			path = AccountSummary;
			sourceTree = "<group>";
		};
		45B5834929FCB2B50070AA3B = {
			isa = PBXGroup;
			children = (
				45B5835429FCB2B50070AA3B /* Bankey */,
				45B5838F2A0614A40070AA3B /* BankeyUnitTests */,
				45B5835329FCB2B50070AA3B /* Products */,
			);
			sourceTree = "<group>";
		};
		45B5835329FCB2B50070AA3B /* Products */ = {
			isa = PBXGroup;
			children = (
				45B5835229FCB2B50070AA3B /* Bankey.app */,
				45B5838E2A0614A40070AA3B /* BankeyUnitTests.xctest */,
			);
			name = Products;
			sourceTree = "<group>";
		};
		45B5835429FCB2B50070AA3B /* Bankey */ = {
			isa = PBXGroup;
			children = (
				45B5835529FCB2B50070AA3B /* AppDelegate.swift */,
				45B583792A0197A20070AA3B /* MainViewController.swift */,
				45B5836A29FE11CA0070AA3B /* Login */,
				45B5836D29FE6A390070AA3B /* Onboarding */,
				45B5837B2A02E6610070AA3B /* AccountSummary */,
				45B583742A0046210070AA3B /* Utils */,
				45B5836929FE11980070AA3B /* Files */,
				456F477C2A070B9500E13A26 /* Components */,
			);
			path = Bankey;
			sourceTree = "<group>";
		};
		45B5836929FE11980070AA3B /* Files */ = {
			isa = PBXGroup;
			children = (
				45B5835E29FCB2B60070AA3B /* Assets.xcassets */,
				45B5836029FCB2B60070AA3B /* LaunchScreen.storyboard */,
				45B5836329FCB2B60070AA3B /* Info.plist */,
			);
			name = Files;
			sourceTree = "<group>";
		};
		45B5836A29FE11CA0070AA3B /* Login */ = {
			isa = PBXGroup;
			children = (
				45B5835929FCB2B50070AA3B /* LoginViewController.swift */,
				45B5836B29FE12160070AA3B /* LoginView.swift */,
				45B583722A0034CD0070AA3B /* DummyViewController.swift */,
			);
			path = Login;
			sourceTree = "<group>";
		};
		45B5836D29FE6A390070AA3B /* Onboarding */ = {
			isa = PBXGroup;
			children = (
				45B5836E29FE6A630070AA3B /* OnboardingContainerViewController.swift */,
				45B5837029FEEEBE0070AA3B /* OnboardingViewController.swift */,
			);
			path = Onboarding;
			sourceTree = "<group>";
		};
		45B583742A0046210070AA3B /* Utils */ = {
			isa = PBXGroup;
			children = (
				45B583752A00462A0070AA3B /* LocalState.swift */,
				45B583772A01952F0070AA3B /* UIViewControllerUtils.swift */,
				45B583862A0600F80070AA3B /* DecimalUtils.swift */,
				45B583882A0601590070AA3B /* CurrencyFormatter.swift */,
				456F47752A0657E300E13A26 /* NSNotificationName.swift */,
				456F47792A065B9A00E13A26 /* UITextFieldSecureToggle.swift */,
				456F47812A073CFE00E13A26 /* Date.swift */,
			);
			path = Utils;
			sourceTree = "<group>";
		};
		45B5837B2A02E6610070AA3B /* AccountSummary */ = {
			isa = PBXGroup;
			children = (
				45B5837C2A02E6980070AA3B /* AccountSummaryViewController.swift */,
				456F47832A079C4B00E13A26 /* AccountSummaryViewController+Networking.swift */,
				45B583822A044F960070AA3B /* Header */,
				45B583832A044FA70070AA3B /* Cells */,
			);
			path = AccountSummary;
			sourceTree = "<group>";
		};
		45B583822A044F960070AA3B /* Header */ = {
			isa = PBXGroup;
			children = (
				45B5837E2A02EAE70070AA3B /* AccountSummaryHeaderView.swift */,
				45B583802A02EB0A0070AA3B /* AccountSummaryHeaderView.xib */,
			);
			path = Header;
			sourceTree = "<group>";
		};
		45B583832A044FA70070AA3B /* Cells */ = {
			isa = PBXGroup;
			children = (
				45B583842A044FDF0070AA3B /* AccountSummaryCell.swift */,
				4506F48C2A08317600153E73 /* SkeletonLoadable.swift */,
				4506F48E2A08324B00153E73 /* SkeletonCell.swift */,
			);
			path = Cells;
			sourceTree = "<group>";
		};
		45B5838F2A0614A40070AA3B /* BankeyUnitTests */ = {
			isa = PBXGroup;
			children = (
				456F47862A07A89A00E13A26 /* AccountSummary */,
				456F47852A07A88B00E13A26 /* Utils */,
			);
			path = BankeyUnitTests;
			sourceTree = "<group>";
		};
/* End PBXGroup section */

/* Begin PBXNativeTarget section */
		45B5835129FCB2B50070AA3B /* Bankey */ = {
			isa = PBXNativeTarget;
			buildConfigurationList = 45B5836629FCB2B60070AA3B /* Build configuration list for PBXNativeTarget "Bankey" */;
			buildPhases = (
				45B5834E29FCB2B50070AA3B /* Sources */,
				45B5834F29FCB2B50070AA3B /* Frameworks */,
				45B5835029FCB2B50070AA3B /* Resources */,
			);
			buildRules = (
			);
			dependencies = (
			);
			name = Bankey;
			productName = Bankey;
			productReference = 45B5835229FCB2B50070AA3B /* Bankey.app */;
			productType = "com.apple.product-type.application";
		};
		45B5838D2A0614A40070AA3B /* BankeyUnitTests */ = {
			isa = PBXNativeTarget;
			buildConfigurationList = 45B583942A0614A40070AA3B /* Build configuration list for PBXNativeTarget "BankeyUnitTests" */;
			buildPhases = (
				45B5838A2A0614A40070AA3B /* Sources */,
				45B5838B2A0614A40070AA3B /* Frameworks */,
				45B5838C2A0614A40070AA3B /* Resources */,
			);
			buildRules = (
			);
			dependencies = (
				45B583932A0614A40070AA3B /* PBXTargetDependency */,
			);
			name = BankeyUnitTests;
			productName = BankeyUnitTests;
			productReference = 45B5838E2A0614A40070AA3B /* BankeyUnitTests.xctest */;
			productType = "com.apple.product-type.bundle.unit-test";
		};
/* End PBXNativeTarget section */

/* Begin PBXProject section */
		45B5834A29FCB2B50070AA3B /* Project object */ = {
			isa = PBXProject;
			attributes = {
				BuildIndependentTargetsInParallel = 1;
				LastSwiftUpdateCheck = 1420;
				LastUpgradeCheck = 1420;
				TargetAttributes = {
					45B5835129FCB2B50070AA3B = {
						CreatedOnToolsVersion = 14.2;
					};
					45B5838D2A0614A40070AA3B = {
						CreatedOnToolsVersion = 14.2;
						LastSwiftMigration = 1420;
						TestTargetID = 45B5835129FCB2B50070AA3B;
					};
				};
			};
			buildConfigurationList = 45B5834D29FCB2B50070AA3B /* Build configuration list for PBXProject "Bankey" */;
			compatibilityVersion = "Xcode 14.0";
			developmentRegion = en;
			hasScannedForEncodings = 0;
			knownRegions = (
				en,
				Base,
			);
			mainGroup = 45B5834929FCB2B50070AA3B;
			productRefGroup = 45B5835329FCB2B50070AA3B /* Products */;
			projectDirPath = "";
			projectRoot = "";
			targets = (
				45B5835129FCB2B50070AA3B /* Bankey */,
				45B5838D2A0614A40070AA3B /* BankeyUnitTests */,
			);
		};
/* End PBXProject section */

/* Begin PBXResourcesBuildPhase section */
		45B5835029FCB2B50070AA3B /* Resources */ = {
			isa = PBXResourcesBuildPhase;
			buildActionMask = 2147483647;
			files = (
				45B583812A02EB0A0070AA3B /* AccountSummaryHeaderView.xib in Resources */,
				45B5836229FCB2B60070AA3B /* LaunchScreen.storyboard in Resources */,
				45B5835F29FCB2B60070AA3B /* Assets.xcassets in Resources */,
			);
			runOnlyForDeploymentPostprocessing = 0;
		};
		45B5838C2A0614A40070AA3B /* Resources */ = {
			isa = PBXResourcesBuildPhase;
			buildActionMask = 2147483647;
			files = (
			);
			runOnlyForDeploymentPostprocessing = 0;
		};
/* End PBXResourcesBuildPhase section */

/* Begin PBXSourcesBuildPhase section */
		45B5834E29FCB2B50070AA3B /* Sources */ = {
			isa = PBXSourcesBuildPhase;
			buildActionMask = 2147483647;
			files = (
				45B5836C29FE12160070AA3B /* LoginView.swift in Sources */,
				4506F48F2A08324B00153E73 /* SkeletonCell.swift in Sources */,
				45B583762A00462A0070AA3B /* LocalState.swift in Sources */,
				45B583732A0034CD0070AA3B /* DummyViewController.swift in Sources */,
				45B5837F2A02EAE70070AA3B /* AccountSummaryHeaderView.swift in Sources */,
				45B5835A29FCB2B50070AA3B /* LoginViewController.swift in Sources */,
				45B583892A0601590070AA3B /* CurrencyFormatter.swift in Sources */,
				45B583872A0600F80070AA3B /* DecimalUtils.swift in Sources */,
				456F47822A073CFE00E13A26 /* Date.swift in Sources */,
				456F47762A0657E300E13A26 /* NSNotificationName.swift in Sources */,
				456F477A2A065B9A00E13A26 /* UITextFieldSecureToggle.swift in Sources */,
				45B583782A01952F0070AA3B /* UIViewControllerUtils.swift in Sources */,
				45B583852A044FDF0070AA3B /* AccountSummaryCell.swift in Sources */,
				45B5837129FEEEBE0070AA3B /* OnboardingViewController.swift in Sources */,
				456F477E2A070C8C00E13A26 /* ShakeyBell.swift in Sources */,
				45B5837A2A0197A20070AA3B /* MainViewController.swift in Sources */,
				45B5837D2A02E6980070AA3B /* AccountSummaryViewController.swift in Sources */,
				45B5835629FCB2B50070AA3B /* AppDelegate.swift in Sources */,
				45B5836F29FE6A630070AA3B /* OnboardingContainerViewController.swift in Sources */,
				4506F48D2A08317600153E73 /* SkeletonLoadable.swift in Sources */,
				456F47842A079C4B00E13A26 /* AccountSummaryViewController+Networking.swift in Sources */,
			);
			runOnlyForDeploymentPostprocessing = 0;
		};
		45B5838A2A0614A40070AA3B /* Sources */ = {
			isa = PBXSourcesBuildPhase;
			buildActionMask = 2147483647;
			files = (
				45B583982A0615460070AA3B /* CurrencyFormatterTests.swift in Sources */,
				456F47882A07A8B300E13A26 /* ProfileTests.swift in Sources */,
			);
			runOnlyForDeploymentPostprocessing = 0;
		};
/* End PBXSourcesBuildPhase section */

/* Begin PBXTargetDependency section */
		45B583932A0614A40070AA3B /* PBXTargetDependency */ = {
			isa = PBXTargetDependency;
			target = 45B5835129FCB2B50070AA3B /* Bankey */;
			targetProxy = 45B583922A0614A40070AA3B /* PBXContainerItemProxy */;
		};
/* End PBXTargetDependency section */

/* Begin PBXVariantGroup section */
		45B5836029FCB2B60070AA3B /* LaunchScreen.storyboard */ = {
			isa = PBXVariantGroup;
			children = (
				45B5836129FCB2B60070AA3B /* Base */,
			);
			name = LaunchScreen.storyboard;
			sourceTree = "<group>";
		};
/* End PBXVariantGroup section */

/* Begin XCBuildConfiguration section */
		45B5836429FCB2B60070AA3B /* Debug */ = {
			isa = XCBuildConfiguration;
			buildSettings = {
				ALWAYS_SEARCH_USER_PATHS = NO;
				CLANG_ANALYZER_NONNULL = YES;
				CLANG_ANALYZER_NUMBER_OBJECT_CONVERSION = YES_AGGRESSIVE;
				CLANG_CXX_LANGUAGE_STANDARD = "gnu++20";
				CLANG_ENABLE_MODULES = YES;
				CLANG_ENABLE_OBJC_ARC = YES;
				CLANG_ENABLE_OBJC_WEAK = YES;
				CLANG_WARN_BLOCK_CAPTURE_AUTORELEASING = YES;
				CLANG_WARN_BOOL_CONVERSION = YES;
				CLANG_WARN_COMMA = YES;
				CLANG_WARN_CONSTANT_CONVERSION = YES;
				CLANG_WARN_DEPRECATED_OBJC_IMPLEMENTATIONS = YES;
				CLANG_WARN_DIRECT_OBJC_ISA_USAGE = YES_ERROR;
				CLANG_WARN_DOCUMENTATION_COMMENTS = YES;
				CLANG_WARN_EMPTY_BODY = YES;
				CLANG_WARN_ENUM_CONVERSION = YES;
				CLANG_WARN_INFINITE_RECURSION = YES;
				CLANG_WARN_INT_CONVERSION = YES;
				CLANG_WARN_NON_LITERAL_NULL_CONVERSION = YES;
				CLANG_WARN_OBJC_IMPLICIT_RETAIN_SELF = YES;
				CLANG_WARN_OBJC_LITERAL_CONVERSION = YES;
				CLANG_WARN_OBJC_ROOT_CLASS = YES_ERROR;
				CLANG_WARN_QUOTED_INCLUDE_IN_FRAMEWORK_HEADER = YES;
				CLANG_WARN_RANGE_LOOP_ANALYSIS = YES;
				CLANG_WARN_STRICT_PROTOTYPES = YES;
				CLANG_WARN_SUSPICIOUS_MOVE = YES;
				CLANG_WARN_UNGUARDED_AVAILABILITY = YES_AGGRESSIVE;
				CLANG_WARN_UNREACHABLE_CODE = YES;
				CLANG_WARN__DUPLICATE_METHOD_MATCH = YES;
				COPY_PHASE_STRIP = NO;
				DEBUG_INFORMATION_FORMAT = dwarf;
				ENABLE_STRICT_OBJC_MSGSEND = YES;
				ENABLE_TESTABILITY = YES;
				GCC_C_LANGUAGE_STANDARD = gnu11;
				GCC_DYNAMIC_NO_PIC = NO;
				GCC_NO_COMMON_BLOCKS = YES;
				GCC_OPTIMIZATION_LEVEL = 0;
				GCC_PREPROCESSOR_DEFINITIONS = (
					"DEBUG=1",
					"$(inherited)",
				);
				GCC_WARN_64_TO_32_BIT_CONVERSION = YES;
				GCC_WARN_ABOUT_RETURN_TYPE = YES_ERROR;
				GCC_WARN_UNDECLARED_SELECTOR = YES;
				GCC_WARN_UNINITIALIZED_AUTOS = YES_AGGRESSIVE;
				GCC_WARN_UNUSED_FUNCTION = YES;
				GCC_WARN_UNUSED_VARIABLE = YES;
				IPHONEOS_DEPLOYMENT_TARGET = 16.2;
				MTL_ENABLE_DEBUG_INFO = INCLUDE_SOURCE;
				MTL_FAST_MATH = YES;
				ONLY_ACTIVE_ARCH = YES;
				SDKROOT = iphoneos;
				SWIFT_ACTIVE_COMPILATION_CONDITIONS = DEBUG;
				SWIFT_OPTIMIZATION_LEVEL = "-Onone";
			};
			name = Debug;
		};
		45B5836529FCB2B60070AA3B /* Release */ = {
			isa = XCBuildConfiguration;
			buildSettings = {
				ALWAYS_SEARCH_USER_PATHS = NO;
				CLANG_ANALYZER_NONNULL = YES;
				CLANG_ANALYZER_NUMBER_OBJECT_CONVERSION = YES_AGGRESSIVE;
				CLANG_CXX_LANGUAGE_STANDARD = "gnu++20";
				CLANG_ENABLE_MODULES = YES;
				CLANG_ENABLE_OBJC_ARC = YES;
				CLANG_ENABLE_OBJC_WEAK = YES;
				CLANG_WARN_BLOCK_CAPTURE_AUTORELEASING = YES;
				CLANG_WARN_BOOL_CONVERSION = YES;
				CLANG_WARN_COMMA = YES;
				CLANG_WARN_CONSTANT_CONVERSION = YES;
				CLANG_WARN_DEPRECATED_OBJC_IMPLEMENTATIONS = YES;
				CLANG_WARN_DIRECT_OBJC_ISA_USAGE = YES_ERROR;
				CLANG_WARN_DOCUMENTATION_COMMENTS = YES;
				CLANG_WARN_EMPTY_BODY = YES;
				CLANG_WARN_ENUM_CONVERSION = YES;
				CLANG_WARN_INFINITE_RECURSION = YES;
				CLANG_WARN_INT_CONVERSION = YES;
				CLANG_WARN_NON_LITERAL_NULL_CONVERSION = YES;
				CLANG_WARN_OBJC_IMPLICIT_RETAIN_SELF = YES;
				CLANG_WARN_OBJC_LITERAL_CONVERSION = YES;
				CLANG_WARN_OBJC_ROOT_CLASS = YES_ERROR;
				CLANG_WARN_QUOTED_INCLUDE_IN_FRAMEWORK_HEADER = YES;
				CLANG_WARN_RANGE_LOOP_ANALYSIS = YES;
				CLANG_WARN_STRICT_PROTOTYPES = YES;
				CLANG_WARN_SUSPICIOUS_MOVE = YES;
				CLANG_WARN_UNGUARDED_AVAILABILITY = YES_AGGRESSIVE;
				CLANG_WARN_UNREACHABLE_CODE = YES;
				CLANG_WARN__DUPLICATE_METHOD_MATCH = YES;
				COPY_PHASE_STRIP = NO;
				DEBUG_INFORMATION_FORMAT = "dwarf-with-dsym";
				ENABLE_NS_ASSERTIONS = NO;
				ENABLE_STRICT_OBJC_MSGSEND = YES;
				GCC_C_LANGUAGE_STANDARD = gnu11;
				GCC_NO_COMMON_BLOCKS = YES;
				GCC_WARN_64_TO_32_BIT_CONVERSION = YES;
				GCC_WARN_ABOUT_RETURN_TYPE = YES_ERROR;
				GCC_WARN_UNDECLARED_SELECTOR = YES;
				GCC_WARN_UNINITIALIZED_AUTOS = YES_AGGRESSIVE;
				GCC_WARN_UNUSED_FUNCTION = YES;
				GCC_WARN_UNUSED_VARIABLE = YES;
				IPHONEOS_DEPLOYMENT_TARGET = 16.2;
				MTL_ENABLE_DEBUG_INFO = NO;
				MTL_FAST_MATH = YES;
				SDKROOT = iphoneos;
				SWIFT_COMPILATION_MODE = wholemodule;
				SWIFT_OPTIMIZATION_LEVEL = "-O";
				VALIDATE_PRODUCT = YES;
			};
			name = Release;
		};
		45B5836729FCB2B60070AA3B /* Debug */ = {
			isa = XCBuildConfiguration;
			buildSettings = {
				ASSETCATALOG_COMPILER_APPICON_NAME = AppIcon;
				ASSETCATALOG_COMPILER_GLOBAL_ACCENT_COLOR_NAME = AccentColor;
				CODE_SIGN_STYLE = Automatic;
				CURRENT_PROJECT_VERSION = 1;
				DEVELOPMENT_TEAM = N4Z5HWTY32;
				GENERATE_INFOPLIST_FILE = YES;
				INFOPLIST_FILE = Bankey/Info.plist;
				INFOPLIST_KEY_UIApplicationSupportsIndirectInputEvents = YES;
				INFOPLIST_KEY_UILaunchStoryboardName = LaunchScreen;
				INFOPLIST_KEY_UISupportedInterfaceOrientations_iPad = "UIInterfaceOrientationPortrait UIInterfaceOrientationPortraitUpsideDown UIInterfaceOrientationLandscapeLeft UIInterfaceOrientationLandscapeRight";
				INFOPLIST_KEY_UISupportedInterfaceOrientations_iPhone = "UIInterfaceOrientationPortrait UIInterfaceOrientationLandscapeLeft UIInterfaceOrientationLandscapeRight";
				LD_RUNPATH_SEARCH_PATHS = (
					"$(inherited)",
					"@executable_path/Frameworks",
				);
				MARKETING_VERSION = 1.0;
				PRODUCT_BUNDLE_IDENTIFIER = com.oasjs.Bankey;
				PRODUCT_NAME = "$(TARGET_NAME)";
				SWIFT_EMIT_LOC_STRINGS = YES;
				SWIFT_VERSION = 5.0;
				TARGETED_DEVICE_FAMILY = "1,2";
			};
			name = Debug;
		};
		45B5836829FCB2B60070AA3B /* Release */ = {
			isa = XCBuildConfiguration;
			buildSettings = {
				ASSETCATALOG_COMPILER_APPICON_NAME = AppIcon;
				ASSETCATALOG_COMPILER_GLOBAL_ACCENT_COLOR_NAME = AccentColor;
				CODE_SIGN_STYLE = Automatic;
				CURRENT_PROJECT_VERSION = 1;
				DEVELOPMENT_TEAM = N4Z5HWTY32;
				GENERATE_INFOPLIST_FILE = YES;
				INFOPLIST_FILE = Bankey/Info.plist;
				INFOPLIST_KEY_UIApplicationSupportsIndirectInputEvents = YES;
				INFOPLIST_KEY_UILaunchStoryboardName = LaunchScreen;
				INFOPLIST_KEY_UISupportedInterfaceOrientations_iPad = "UIInterfaceOrientationPortrait UIInterfaceOrientationPortraitUpsideDown UIInterfaceOrientationLandscapeLeft UIInterfaceOrientationLandscapeRight";
				INFOPLIST_KEY_UISupportedInterfaceOrientations_iPhone = "UIInterfaceOrientationPortrait UIInterfaceOrientationLandscapeLeft UIInterfaceOrientationLandscapeRight";
				LD_RUNPATH_SEARCH_PATHS = (
					"$(inherited)",
					"@executable_path/Frameworks",
				);
				MARKETING_VERSION = 1.0;
				PRODUCT_BUNDLE_IDENTIFIER = com.oasjs.Bankey;
				PRODUCT_NAME = "$(TARGET_NAME)";
				SWIFT_EMIT_LOC_STRINGS = YES;
				SWIFT_VERSION = 5.0;
				TARGETED_DEVICE_FAMILY = "1,2";
			};
			name = Release;
		};
		45B583952A0614A40070AA3B /* Debug */ = {
			isa = XCBuildConfiguration;
			buildSettings = {
				BUNDLE_LOADER = "$(TEST_HOST)";
				CLANG_ENABLE_MODULES = YES;
				CODE_SIGN_STYLE = Automatic;
				CURRENT_PROJECT_VERSION = 1;
				DEVELOPMENT_TEAM = N4Z5HWTY32;
				GENERATE_INFOPLIST_FILE = YES;
				LD_RUNPATH_SEARCH_PATHS = (
					"$(inherited)",
					"@executable_path/Frameworks",
					"@loader_path/Frameworks",
				);
				MARKETING_VERSION = 1.0;
				PRODUCT_BUNDLE_IDENTIFIER = com.oasjs.BankeyUnitTests;
				PRODUCT_NAME = "$(TARGET_NAME)";
				SWIFT_EMIT_LOC_STRINGS = NO;
				SWIFT_OPTIMIZATION_LEVEL = "-Onone";
				SWIFT_VERSION = 5.0;
				TARGETED_DEVICE_FAMILY = "1,2";
				TEST_HOST = "$(BUILT_PRODUCTS_DIR)/Bankey.app/$(BUNDLE_EXECUTABLE_FOLDER_PATH)/Bankey";
			};
			name = Debug;
		};
		45B583962A0614A40070AA3B /* Release */ = {
			isa = XCBuildConfiguration;
			buildSettings = {
				BUNDLE_LOADER = "$(TEST_HOST)";
				CLANG_ENABLE_MODULES = YES;
				CODE_SIGN_STYLE = Automatic;
				CURRENT_PROJECT_VERSION = 1;
				DEVELOPMENT_TEAM = N4Z5HWTY32;
				GENERATE_INFOPLIST_FILE = YES;
				LD_RUNPATH_SEARCH_PATHS = (
					"$(inherited)",
					"@executable_path/Frameworks",
					"@loader_path/Frameworks",
				);
				MARKETING_VERSION = 1.0;
				PRODUCT_BUNDLE_IDENTIFIER = com.oasjs.BankeyUnitTests;
				PRODUCT_NAME = "$(TARGET_NAME)";
				SWIFT_EMIT_LOC_STRINGS = NO;
				SWIFT_VERSION = 5.0;
				TARGETED_DEVICE_FAMILY = "1,2";
				TEST_HOST = "$(BUILT_PRODUCTS_DIR)/Bankey.app/$(BUNDLE_EXECUTABLE_FOLDER_PATH)/Bankey";
			};
			name = Release;
		};
/* End XCBuildConfiguration section */

/* Begin XCConfigurationList section */
		45B5834D29FCB2B50070AA3B /* Build configuration list for PBXProject "Bankey" */ = {
			isa = XCConfigurationList;
			buildConfigurations = (
				45B5836429FCB2B60070AA3B /* Debug */,
				45B5836529FCB2B60070AA3B /* Release */,
			);
			defaultConfigurationIsVisible = 0;
			defaultConfigurationName = Release;
		};
		45B5836629FCB2B60070AA3B /* Build configuration list for PBXNativeTarget "Bankey" */ = {
			isa = XCConfigurationList;
			buildConfigurations = (
				45B5836729FCB2B60070AA3B /* Debug */,
				45B5836829FCB2B60070AA3B /* Release */,
			);
			defaultConfigurationIsVisible = 0;
			defaultConfigurationName = Release;
		};
		45B583942A0614A40070AA3B /* Build configuration list for PBXNativeTarget "BankeyUnitTests" */ = {
			isa = XCConfigurationList;
			buildConfigurations = (
				45B583952A0614A40070AA3B /* Debug */,
				45B583962A0614A40070AA3B /* Release */,
			);
			defaultConfigurationIsVisible = 0;
			defaultConfigurationName = Release;
		};
/* End XCConfigurationList section */
	};
	rootObject = 45B5834A29FCB2B50070AA3B /* Project object */;
}
